// !$*UTF8*$!
{
	archiveVersion = 1;
	classes = {
	};
	objectVersion = 77;
	objects = {

/* Begin PBXBuildFile section */
		A1000000000000000000000B /* SpaceAPI in Frameworks */ = {isa = PBXBuildFile; productRef = A1000000000000000000000D /* SpaceAPI */; };
		A1000000000000000000000C /* MainframeStatus in Frameworks */ = {isa = PBXBuildFile; productRef = A1000000000000000000000E /* MainframeStatus */; };
		A10000000000000000000016 /* SpacePushClient in Frameworks */ = {isa = PBXBuildFile; productRef = A10000000000000000000017 /* SpacePushClient */; };
		A10000000000000000000026 /* SpaceAPI in Frameworks */ = {isa = PBXBuildFile; productRef = A10000000000000000000029 /* SpaceAPI */; };
		A10000000000000000000027 /* MainframeStatus in Frameworks */ = {isa = PBXBuildFile; productRef = A1000000000000000000002A /* MainframeStatus */; };
		A10000000000000000000028 /* SpacePushClient in Frameworks */ = {isa = PBXBuildFile; productRef = A1000000000000000000002B /* SpacePushClient */; };
		A10000000000000000000135 /* SpaceAPI in Frameworks */ = {isa = PBXBuildFile; productRef = A10000000000000000000138 /* SpaceAPI */; };
		A10000000000000000000136 /* MainframeStatus in Frameworks */ = {isa = PBXBuildFile; productRef = A10000000000000000000139 /* MainframeStatus */; };
		A10000000000000000000137 /* SpacePushClient in Frameworks */ = {isa = PBXBuildFile; productRef = A1000000000000000000013A /* SpacePushClient */; };
		A10000000000000000000145 /* SpaceAPI in Frameworks */ = {isa = PBXBuildFile; productRef = A10000000000000000000148 /* SpaceAPI */; };
		A10000000000000000000146 /* MainframeStatus in Frameworks */ = {isa = PBXBuildFile; productRef = A10000000000000000000149 /* MainframeStatus */; };
		A10000000000000000000147 /* SpacePushClient in Frameworks */ = {isa = PBXBuildFile; productRef = A1000000000000000000014A /* SpacePushClient */; };
		A10000000000000000000154 /* SpaceStateWidget.appex in Embed Foundation Extensions */ = {isa = PBXBuildFile; fileRef = A10000000000000000000130 /* SpaceStateWidget.appex */; settings = {ATTRIBUTES = (RemoveHeadersOnCopy, ); }; };
		A10000000000000000000158 /* SpaceStateWidget.appex in Embed Foundation Extensions */ = {isa = PBXBuildFile; fileRef = A10000000000000000000140 /* SpaceStateWidget.appex */; settings = {ATTRIBUTES = (RemoveHeadersOnCopy, ); }; };
/* End PBXBuildFile section */

/* Begin PBXContainerItemProxy section */
		A10000000000000000000156 /* PBXContainerItemProxy */ = {
			isa = PBXContainerItemProxy;
			containerPortal = A10000000000000000000001 /* Project object */;
			proxyType = 1;
			remoteGlobalIDString = A10000000000000000000131;
			remoteInfo = "SpaceStateWidget-iOS";
		};
		A1000000000000000000015A /* PBXContainerItemProxy */ = {
			isa = PBXContainerItemProxy;
			containerPortal = A10000000000000000000001 /* Project object */;
			proxyType = 1;
			remoteGlobalIDString = A10000000000000000000141;
			remoteInfo = "SpaceStateWidget-macOS";
		};
/* End PBXContainerItemProxy section */

/* Begin PBXCopyFilesBuildPhase section */
		A10000000000000000000153 /* Embed Foundation Extensions */ = {
			isa = PBXCopyFilesBuildPhase;
			buildActionMask = 2147483647;
			dstPath = "";
			dstSubfolderSpec = 13;
			files = (
				A10000000000000000000154 /* SpaceStateWidget.appex in Embed Foundation Extensions */,
			);
			name = "Embed Foundation Extensions";
			runOnlyForDeploymentPostprocessing = 0;
		};
		A10000000000000000000157 /* Embed Foundation Extensions */ = {
			isa = PBXCopyFilesBuildPhase;
			buildActionMask = 2147483647;
			dstPath = "";
			dstSubfolderSpec = 13;
			files = (
				A10000000000000000000158 /* SpaceStateWidget.appex in Embed Foundation Extensions */,
			);
			name = "Embed Foundation Extensions";
			runOnlyForDeploymentPostprocessing = 0;
		};
/* End PBXCopyFilesBuildPhase section */

/* Begin PBXFileReference section */
		A10000000000000000000004 /* SpaceState.app */ = {isa = PBXFileReference; explicitFileType = wrapper.application; includeInIndex = 0; path = SpaceState.app; sourceTree = BUILT_PRODUCTS_DIR; };
		A10000000000000000000020 /* SpaceState.app */ = {isa = PBXFileReference; explicitFileType = wrapper.application; includeInIndex = 0; path = SpaceState.app; sourceTree = BUILT_PRODUCTS_DIR; };
		A10000000000000000000130 /* SpaceStateWidget.appex */ = {isa = PBXFileReference; explicitFileType = "wrapper.app-extension"; includeInIndex = 0; path = SpaceStateWidget.appex; sourceTree = BUILT_PRODUCTS_DIR; };
		A10000000000000000000140 /* SpaceStateWidget.appex */ = {isa = PBXFileReference; explicitFileType = "wrapper.app-extension"; includeInIndex = 0; path = SpaceStateWidget.appex; sourceTree = BUILT_PRODUCTS_DIR; };
/* End PBXFileReference section */

/* Begin PBXFileSystemSynchronizedBuildFileExceptionSet section */
		A10000000000000000000151 /* Exceptions for "Shared" folder in "SpaceStateWidget-iOS" target */ = {
			isa = PBXFileSystemSynchronizedBuildFileExceptionSet;
			membershipExceptions = (
				AppIcon.icon,
				DirectoryStore.swift,
				PushStatusDisplay.swift,
				PushStore.swift,
				StatusStore.swift,
			);
			target = A10000000000000000000131 /* SpaceStateWidget-iOS */;
		};
		A10000000000000000000152 /* Exceptions for "Shared" folder in "SpaceStateWidget-macOS" target */ = {
			isa = PBXFileSystemSynchronizedBuildFileExceptionSet;
			membershipExceptions = (
				AppIcon.icon,
				DirectoryStore.swift,
				PushStatusDisplay.swift,
				PushStore.swift,
				StatusStore.swift,
			);
			target = A10000000000000000000141 /* SpaceStateWidget-macOS */;
		};
/* End PBXFileSystemSynchronizedBuildFileExceptionSet section */

/* Begin PBXFileSystemSynchronizedRootGroup section */
		A10000000000000000000005 /* Shared */ = {
			isa = PBXFileSystemSynchronizedRootGroup;
			exceptions = (
				A10000000000000000000151 /* Exceptions for "Shared" folder in "SpaceStateWidget-iOS" target */,
				A10000000000000000000152 /* Exceptions for "Shared" folder in "SpaceStateWidget-macOS" target */,
			);
			path = Shared;
			sourceTree = "<group>";
		};
		A10000000000000000000006 /* macOS */ = {
			isa = PBXFileSystemSynchronizedRootGroup;
			path = macOS;
			sourceTree = "<group>";
		};
		A10000000000000000000021 /* iOS */ = {
			isa = PBXFileSystemSynchronizedRootGroup;
			path = iOS;
			sourceTree = "<group>";
		};
		A10000000000000000000150 /* Widget */ = {
			isa = PBXFileSystemSynchronizedRootGroup;
			path = Widget;
			sourceTree = "<group>";
		};
/* End PBXFileSystemSynchronizedRootGroup section */

/* Begin PBXFrameworksBuildPhase section */
		A10000000000000000000009 /* Frameworks */ = {
			isa = PBXFrameworksBuildPhase;
			buildActionMask = 2147483647;
			files = (
				A1000000000000000000000B /* SpaceAPI in Frameworks */,
				A1000000000000000000000C /* MainframeStatus in Frameworks */,
				A10000000000000000000016 /* SpacePushClient in Frameworks */,
			);
			runOnlyForDeploymentPostprocessing = 0;
		};
		A10000000000000000000024 /* Frameworks */ = {
			isa = PBXFrameworksBuildPhase;
			buildActionMask = 2147483647;
			files = (
				A10000000000000000000026 /* SpaceAPI in Frameworks */,
				A10000000000000000000027 /* MainframeStatus in Frameworks */,
				A10000000000000000000028 /* SpacePushClient in Frameworks */,
			);
			runOnlyForDeploymentPostprocessing = 0;
		};
		A10000000000000000000133 /* Frameworks */ = {
			isa = PBXFrameworksBuildPhase;
			buildActionMask = 2147483647;
			files = (
				A10000000000000000000135 /* SpaceAPI in Frameworks */,
				A10000000000000000000136 /* MainframeStatus in Frameworks */,
				A10000000000000000000137 /* SpacePushClient in Frameworks */,
			);
			runOnlyForDeploymentPostprocessing = 0;
		};
		A10000000000000000000143 /* Frameworks */ = {
			isa = PBXFrameworksBuildPhase;
			buildActionMask = 2147483647;
			files = (
				A10000000000000000000145 /* SpaceAPI in Frameworks */,
				A10000000000000000000146 /* MainframeStatus in Frameworks */,
				A10000000000000000000147 /* SpacePushClient in Frameworks */,
			);
			runOnlyForDeploymentPostprocessing = 0;
		};
/* End PBXFrameworksBuildPhase section */

/* Begin PBXGroup section */
		A10000000000000000000002 = {
			isa = PBXGroup;
			children = (
				A10000000000000000000005 /* Shared */,
				A10000000000000000000006 /* macOS */,
				A10000000000000000000021 /* iOS */,
				A10000000000000000000150 /* Widget */,
				A10000000000000000000003 /* Products */,
			);
			sourceTree = "<group>";
		};
		A10000000000000000000003 /* Products */ = {
			isa = PBXGroup;
			children = (
				A10000000000000000000004 /* SpaceState.app */,
				A10000000000000000000020 /* SpaceState.app */,
				A10000000000000000000130 /* SpaceStateWidget.appex */,
				A10000000000000000000140 /* SpaceStateWidget.appex */,
			);
			name = Products;
			sourceTree = "<group>";
		};
/* End PBXGroup section */

/* Begin PBXNativeTarget section */
		A10000000000000000000007 /* SpaceState-macOS */ = {
			isa = PBXNativeTarget;
			buildConfigurationList = A10000000000000000000013 /* Build configuration list for PBXNativeTarget "SpaceState-macOS" */;
			buildPhases = (
				A10000000000000000000008 /* Sources */,
				A10000000000000000000009 /* Frameworks */,
				A1000000000000000000000A /* Resources */,
				A10000000000000000000157 /* Embed Foundation Extensions */,
			);
			buildRules = (
			);
			dependencies = (
				A10000000000000000000159 /* PBXTargetDependency */,
			);
			fileSystemSynchronizedGroups = (
				A10000000000000000000005 /* Shared */,
				A10000000000000000000006 /* macOS */,
			);
			name = "SpaceState-macOS";
			packageProductDependencies = (
				A1000000000000000000000D /* SpaceAPI */,
				A1000000000000000000000E /* MainframeStatus */,
				A10000000000000000000017 /* SpacePushClient */,
			);
			productName = SpaceState;
			productReference = A10000000000000000000004 /* SpaceState.app */;
			productType = "com.apple.product-type.application";
		};
		A10000000000000000000022 /* SpaceState-iOS */ = {
			isa = PBXNativeTarget;
			buildConfigurationList = A1000000000000000000002C /* Build configuration list for PBXNativeTarget "SpaceState-iOS" */;
			buildPhases = (
				A10000000000000000000023 /* Sources */,
				A10000000000000000000024 /* Frameworks */,
				A10000000000000000000025 /* Resources */,
				A10000000000000000000153 /* Embed Foundation Extensions */,
			);
			buildRules = (
			);
			dependencies = (
				A10000000000000000000155 /* PBXTargetDependency */,
			);
			fileSystemSynchronizedGroups = (
				A10000000000000000000005 /* Shared */,
				A10000000000000000000021 /* iOS */,
			);
			name = "SpaceState-iOS";
			packageProductDependencies = (
				A10000000000000000000029 /* SpaceAPI */,
				A1000000000000000000002A /* MainframeStatus */,
				A1000000000000000000002B /* SpacePushClient */,
			);
			productName = SpaceState;
			productReference = A10000000000000000000020 /* SpaceState.app */;
			productType = "com.apple.product-type.application";
		};
		A10000000000000000000131 /* SpaceStateWidget-iOS */ = {
			isa = PBXNativeTarget;
			buildConfigurationList = A1000000000000000000013B /* Build configuration list for PBXNativeTarget "SpaceStateWidget-iOS" */;
			buildPhases = (
				A10000000000000000000132 /* Sources */,
				A10000000000000000000133 /* Frameworks */,
				A10000000000000000000134 /* Resources */,
			);
			buildRules = (
			);
			dependencies = (
			);
			fileSystemSynchronizedGroups = (
				A10000000000000000000005 /* Shared */,
				A10000000000000000000150 /* Widget */,
			);
			name = "SpaceStateWidget-iOS";
			packageProductDependencies = (
				A10000000000000000000138 /* SpaceAPI */,
				A10000000000000000000139 /* MainframeStatus */,
				A1000000000000000000013A /* SpacePushClient */,
			);
			productName = SpaceStateWidget;
			productReference = A10000000000000000000130 /* SpaceStateWidget.appex */;
			productType = "com.apple.product-type.app-extension";
		};
		A10000000000000000000141 /* SpaceStateWidget-macOS */ = {
			isa = PBXNativeTarget;
			buildConfigurationList = A1000000000000000000014B /* Build configuration list for PBXNativeTarget "SpaceStateWidget-macOS" */;
			buildPhases = (
				A10000000000000000000142 /* Sources */,
				A10000000000000000000143 /* Frameworks */,
				A10000000000000000000144 /* Resources */,
			);
			buildRules = (
			);
			dependencies = (
			);
			fileSystemSynchronizedGroups = (
				A10000000000000000000005 /* Shared */,
				A10000000000000000000150 /* Widget */,
			);
			name = "SpaceStateWidget-macOS";
			packageProductDependencies = (
				A10000000000000000000148 /* SpaceAPI */,
				A10000000000000000000149 /* MainframeStatus */,
				A1000000000000000000014A /* SpacePushClient */,
			);
			productName = SpaceStateWidget;
			productReference = A10000000000000000000140 /* SpaceStateWidget.appex */;
			productType = "com.apple.product-type.app-extension";
		};
/* End PBXNativeTarget section */

/* Begin PBXProject section */
		A10000000000000000000001 /* Project object */ = {
			isa = PBXProject;
			attributes = {
				BuildIndependentTargetsInParallel = 1;
				LastSwiftUpdateCheck = 2700;
				LastUpgradeCheck = 2700;
				TargetAttributes = {
					A10000000000000000000007 = {
						CreatedOnToolsVersion = 27.0;
					};
					A10000000000000000000022 = {
						CreatedOnToolsVersion = 27.0;
					};
					A10000000000000000000131 = {
						CreatedOnToolsVersion = 27.0;
					};
					A10000000000000000000141 = {
						CreatedOnToolsVersion = 27.0;
					};
				};
			};
			buildConfigurationList = A10000000000000000000010 /* Build configuration list for PBXProject "SpaceState" */;
			developmentRegion = en;
			hasScannedForEncodings = 0;
			knownRegions = (
				en,
				de,
				Base,
			);
			mainGroup = A10000000000000000000002;
			minimizedProjectReferenceProxies = 1;
			packageReferences = (
				A1000000000000000000000F /* XCLocalSwiftPackageReference "SpaceStateKit" */,
			);
			preferredProjectObjectVersion = 77;
			productRefGroup = A10000000000000000000003 /* Products */;
			projectDirPath = "";
			projectRoot = "";
			targets = (
				A10000000000000000000007 /* SpaceState-macOS */,
				A10000000000000000000022 /* SpaceState-iOS */,
				A10000000000000000000131 /* SpaceStateWidget-iOS */,
				A10000000000000000000141 /* SpaceStateWidget-macOS */,
			);
		};
/* End PBXProject section */

/* Begin PBXResourcesBuildPhase section */
		A1000000000000000000000A /* Resources */ = {
			isa = PBXResourcesBuildPhase;
			buildActionMask = 2147483647;
			files = (
			);
			runOnlyForDeploymentPostprocessing = 0;
		};
		A10000000000000000000025 /* Resources */ = {
			isa = PBXResourcesBuildPhase;
			buildActionMask = 2147483647;
			files = (
			);
			runOnlyForDeploymentPostprocessing = 0;
		};
		A10000000000000000000134 /* Resources */ = {
			isa = PBXResourcesBuildPhase;
			buildActionMask = 2147483647;
			files = (
			);
			runOnlyForDeploymentPostprocessing = 0;
		};
		A10000000000000000000144 /* Resources */ = {
			isa = PBXResourcesBuildPhase;
			buildActionMask = 2147483647;
			files = (
			);
			runOnlyForDeploymentPostprocessing = 0;
		};
/* End PBXResourcesBuildPhase section */

/* Begin PBXSourcesBuildPhase section */
		A10000000000000000000008 /* Sources */ = {
			isa = PBXSourcesBuildPhase;
			buildActionMask = 2147483647;
			files = (
			);
			runOnlyForDeploymentPostprocessing = 0;
		};
		A10000000000000000000023 /* Sources */ = {
			isa = PBXSourcesBuildPhase;
			buildActionMask = 2147483647;
			files = (
			);
			runOnlyForDeploymentPostprocessing = 0;
		};
		A10000000000000000000132 /* Sources */ = {
			isa = PBXSourcesBuildPhase;
			buildActionMask = 2147483647;
			files = (
			);
			runOnlyForDeploymentPostprocessing = 0;
		};
		A10000000000000000000142 /* Sources */ = {
			isa = PBXSourcesBuildPhase;
			buildActionMask = 2147483647;
			files = (
			);
			runOnlyForDeploymentPostprocessing = 0;
		};
/* End PBXSourcesBuildPhase section */

/* Begin PBXTargetDependency section */
		A10000000000000000000155 /* PBXTargetDependency */ = {
			isa = PBXTargetDependency;
			target = A10000000000000000000131 /* SpaceStateWidget-iOS */;
			targetProxy = A10000000000000000000156 /* PBXContainerItemProxy */;
		};
		A10000000000000000000159 /* PBXTargetDependency */ = {
			isa = PBXTargetDependency;
			target = A10000000000000000000141 /* SpaceStateWidget-macOS */;
			targetProxy = A1000000000000000000015A /* PBXContainerItemProxy */;
		};
/* End PBXTargetDependency section */

/* Begin XCBuildConfiguration section */
		A10000000000000000000011 /* Debug */ = {
			isa = XCBuildConfiguration;
			buildSettings = {
				ALWAYS_SEARCH_USER_PATHS = NO;
				ASSETCATALOG_COMPILER_GENERATE_SWIFT_ASSET_SYMBOL_EXTENSIONS = YES;
				CODE_SIGN_STYLE = Automatic;
				COPY_PHASE_STRIP = NO;
				CURRENT_PROJECT_VERSION = 1;
				DEBUG_INFORMATION_FORMAT = dwarf;
				DEVELOPMENT_TEAM = 7E3BJ546SA;
				ENABLE_STRICT_OBJC_MSGSEND = YES;
				ENABLE_TESTABILITY = YES;
				ENABLE_USER_SCRIPT_SANDBOXING = YES;
				GCC_OPTIMIZATION_LEVEL = 0;
				LOCALIZATION_PREFERS_STRING_CATALOGS = YES;
				MARKETING_VERSION = 2.0.0;
				ONLY_ACTIVE_ARCH = YES;
				STRING_CATALOG_GENERATE_SYMBOLS = YES;
				SWIFT_ACTIVE_COMPILATION_CONDITIONS = "DEBUG $(inherited)";
				SWIFT_APPROACHABLE_CONCURRENCY = YES;
				SWIFT_DEFAULT_ACTOR_ISOLATION = MainActor;
				SWIFT_EMIT_LOC_STRINGS = YES;
				SWIFT_OPTIMIZATION_LEVEL = "-Onone";
				SWIFT_UPCOMING_FEATURE_MEMBER_IMPORT_VISIBILITY = YES;
				SWIFT_VERSION = 6.0;
			};
			name = Debug;
		};
		A10000000000000000000012 /* Release */ = {
			isa = XCBuildConfiguration;
			buildSettings = {
				ALWAYS_SEARCH_USER_PATHS = NO;
				ASSETCATALOG_COMPILER_GENERATE_SWIFT_ASSET_SYMBOL_EXTENSIONS = YES;
				CODE_SIGN_STYLE = Automatic;
				COPY_PHASE_STRIP = NO;
				CURRENT_PROJECT_VERSION = 1;
				DEBUG_INFORMATION_FORMAT = "dwarf-with-dsym";
				DEVELOPMENT_TEAM = 7E3BJ546SA;
				ENABLE_NS_ASSERTIONS = NO;
				ENABLE_STRICT_OBJC_MSGSEND = YES;
				ENABLE_USER_SCRIPT_SANDBOXING = YES;
				LOCALIZATION_PREFERS_STRING_CATALOGS = YES;
				MARKETING_VERSION = 2.0.0;
				STRING_CATALOG_GENERATE_SYMBOLS = YES;
				SWIFT_APPROACHABLE_CONCURRENCY = YES;
				SWIFT_COMPILATION_MODE = wholemodule;
				SWIFT_DEFAULT_ACTOR_ISOLATION = MainActor;
				SWIFT_EMIT_LOC_STRINGS = YES;
				SWIFT_UPCOMING_FEATURE_MEMBER_IMPORT_VISIBILITY = YES;
				SWIFT_VERSION = 6.0;
				VALIDATE_PRODUCT = YES;
			};
			name = Release;
		};
		A10000000000000000000014 /* Debug */ = {
			isa = XCBuildConfiguration;
			buildSettings = {
				ASSETCATALOG_COMPILER_APPICON_NAME = AppIcon;
				ASSETCATALOG_COMPILER_GLOBAL_ACCENT_COLOR_NAME = AccentColor;
				CODE_SIGN_ENTITLEMENTS = Config/macOS.entitlements;
				COMBINE_HIDPI_IMAGES = YES;
				DEVELOPMENT_TEAM = 7E3BJ546SA;
				ENABLE_APP_SANDBOX = YES;
				ENABLE_HARDENED_RUNTIME = YES;
				ENABLE_OUTGOING_NETWORK_CONNECTIONS = YES;
				ENABLE_PREVIEWS = YES;
				GENERATE_INFOPLIST_FILE = YES;
				INFOPLIST_FILE = Config/Info.plist;
				INFOPLIST_KEY_CFBundleDisplayName = SpaceState;
				INFOPLIST_KEY_LSApplicationCategoryType = "public.app-category.utilities";
				INFOPLIST_KEY_LSUIElement = YES;
				INFOPLIST_KEY_NSHumanReadableCopyright = "© 2014–2026 Markus Müller";
				LD_RUNPATH_SEARCH_PATHS = (
					"$(inherited)",
					"@executable_path/../Frameworks",
				);
				MACOSX_DEPLOYMENT_TARGET = 26.0;
				PRODUCT_BUNDLE_IDENTIFIER = net.grafixmafia.spacepush;
				PRODUCT_NAME = SpaceState;
				SDKROOT = macosx;
				SPACEPUSH_URL = "https://push.grafixmafia.net";
				SUPPORTED_PLATFORMS = macosx;
			};
			name = Debug;
		};
		A10000000000000000000015 /* Release */ = {
			isa = XCBuildConfiguration;
			buildSettings = {
				ASSETCATALOG_COMPILER_APPICON_NAME = AppIcon;
				ASSETCATALOG_COMPILER_GLOBAL_ACCENT_COLOR_NAME = AccentColor;
				CODE_SIGN_ENTITLEMENTS = Config/macOS.entitlements;
				COMBINE_HIDPI_IMAGES = YES;
				DEVELOPMENT_TEAM = 7E3BJ546SA;
				ENABLE_APP_SANDBOX = YES;
				ENABLE_HARDENED_RUNTIME = YES;
				ENABLE_OUTGOING_NETWORK_CONNECTIONS = YES;
				ENABLE_PREVIEWS = YES;
				GENERATE_INFOPLIST_FILE = YES;
				INFOPLIST_FILE = Config/Info.plist;
				INFOPLIST_KEY_CFBundleDisplayName = SpaceState;
				INFOPLIST_KEY_LSApplicationCategoryType = "public.app-category.utilities";
				INFOPLIST_KEY_LSUIElement = YES;
				INFOPLIST_KEY_NSHumanReadableCopyright = "© 2014–2026 Markus Müller";
				LD_RUNPATH_SEARCH_PATHS = (
					"$(inherited)",
					"@executable_path/../Frameworks",
				);
				MACOSX_DEPLOYMENT_TARGET = 26.0;
				PRODUCT_BUNDLE_IDENTIFIER = net.grafixmafia.spacepush;
				PRODUCT_NAME = SpaceState;
				SDKROOT = macosx;
				SPACEPUSH_URL = "https://push.grafixmafia.net";
				SUPPORTED_PLATFORMS = macosx;
			};
			name = Release;
		};
		A1000000000000000000002D /* Debug */ = {
			isa = XCBuildConfiguration;
			buildSettings = {
				ASSETCATALOG_COMPILER_APPICON_NAME = AppIcon;
				CODE_SIGN_ENTITLEMENTS = Config/iOS.entitlements;
				DEVELOPMENT_TEAM = 7E3BJ546SA;
				ENABLE_PREVIEWS = YES;
				GENERATE_INFOPLIST_FILE = YES;
				INFOPLIST_FILE = Config/Info.plist;
				INFOPLIST_KEY_CFBundleDisplayName = SpaceState;
				INFOPLIST_KEY_LSApplicationCategoryType = "public.app-category.utilities";
				INFOPLIST_KEY_UIApplicationSceneManifest_Generation = YES;
				INFOPLIST_KEY_UILaunchScreen_Generation = YES;
				INFOPLIST_KEY_UISupportedInterfaceOrientations_iPad = "UIInterfaceOrientationPortrait UIInterfaceOrientationPortraitUpsideDown UIInterfaceOrientationLandscapeLeft UIInterfaceOrientationLandscapeRight";
				INFOPLIST_KEY_UISupportedInterfaceOrientations_iPhone = "UIInterfaceOrientationPortrait UIInterfaceOrientationLandscapeLeft UIInterfaceOrientationLandscapeRight";
				IPHONEOS_DEPLOYMENT_TARGET = 26.0;
				LD_RUNPATH_SEARCH_PATHS = (
					"$(inherited)",
					"@executable_path/Frameworks",
				);
				PRODUCT_BUNDLE_IDENTIFIER = net.grafixmafia.spacepush;
				PRODUCT_NAME = SpaceState;
				SDKROOT = iphoneos;
				SPACEPUSH_URL = "https://push.grafixmafia.net";
				SUPPORTED_PLATFORMS = "iphoneos iphonesimulator";
				TARGETED_DEVICE_FAMILY = 1;
			};
			name = Debug;
		};
		A1000000000000000000002E /* Release */ = {
			isa = XCBuildConfiguration;
			buildSettings = {
				ASSETCATALOG_COMPILER_APPICON_NAME = AppIcon;
				CODE_SIGN_ENTITLEMENTS = Config/iOS.entitlements;
				DEVELOPMENT_TEAM = 7E3BJ546SA;
				ENABLE_PREVIEWS = YES;
				GENERATE_INFOPLIST_FILE = YES;
				INFOPLIST_FILE = Config/Info.plist;
				INFOPLIST_KEY_CFBundleDisplayName = SpaceState;
				INFOPLIST_KEY_LSApplicationCategoryType = "public.app-category.utilities";
				INFOPLIST_KEY_UIApplicationSceneManifest_Generation = YES;
				INFOPLIST_KEY_UILaunchScreen_Generation = YES;
				INFOPLIST_KEY_UISupportedInterfaceOrientations_iPad = "UIInterfaceOrientationPortrait UIInterfaceOrientationPortraitUpsideDown UIInterfaceOrientationLandscapeLeft UIInterfaceOrientationLandscapeRight";
				INFOPLIST_KEY_UISupportedInterfaceOrientations_iPhone = "UIInterfaceOrientationPortrait UIInterfaceOrientationLandscapeLeft UIInterfaceOrientationLandscapeRight";
				IPHONEOS_DEPLOYMENT_TARGET = 26.0;
				LD_RUNPATH_SEARCH_PATHS = (
					"$(inherited)",
					"@executable_path/Frameworks",
				);
				PRODUCT_BUNDLE_IDENTIFIER = net.grafixmafia.spacepush;
				PRODUCT_NAME = SpaceState;
				SDKROOT = iphoneos;
				SPACEPUSH_URL = "https://push.grafixmafia.net";
				SUPPORTED_PLATFORMS = "iphoneos iphonesimulator";
				TARGETED_DEVICE_FAMILY = 1;
			};
			name = Release;
		};
		A1000000000000000000013C /* Debug */ = {
			isa = XCBuildConfiguration;
			buildSettings = {
				DEVELOPMENT_TEAM = 7E3BJ546SA;
				GENERATE_INFOPLIST_FILE = YES;
				INFOPLIST_FILE = "Config/Widget-Info.plist";
				INFOPLIST_KEY_CFBundleDisplayName = SpaceState;
				IPHONEOS_DEPLOYMENT_TARGET = 26.0;
				LD_RUNPATH_SEARCH_PATHS = (
					"$(inherited)",
					"@executable_path/Frameworks",
					"@executable_path/../../Frameworks",
				);
				PRODUCT_BUNDLE_IDENTIFIER = net.grafixmafia.spacepush.widget;
				PRODUCT_NAME = SpaceStateWidget;
				SDKROOT = iphoneos;
				SKIP_INSTALL = YES;
				SPACEPUSH_URL = "https://push.grafixmafia.net";
				SUPPORTED_PLATFORMS = "iphoneos iphonesimulator";
				TARGETED_DEVICE_FAMILY = 1;
			};
			name = Debug;
		};
		A1000000000000000000013D /* Release */ = {
			isa = XCBuildConfiguration;
			buildSettings = {
				DEVELOPMENT_TEAM = 7E3BJ546SA;
				GENERATE_INFOPLIST_FILE = YES;
				INFOPLIST_FILE = "Config/Widget-Info.plist";
				INFOPLIST_KEY_CFBundleDisplayName = SpaceState;
				IPHONEOS_DEPLOYMENT_TARGET = 26.0;
				LD_RUNPATH_SEARCH_PATHS = (
					"$(inherited)",
					"@executable_path/Frameworks",
					"@executable_path/../../Frameworks",
				);
				PRODUCT_BUNDLE_IDENTIFIER = net.grafixmafia.spacepush.widget;
				PRODUCT_NAME = SpaceStateWidget;
				SDKROOT = iphoneos;
				SKIP_INSTALL = YES;
				SPACEPUSH_URL = "https://push.grafixmafia.net";
				SUPPORTED_PLATFORMS = "iphoneos iphonesimulator";
				TARGETED_DEVICE_FAMILY = 1;
			};
			name = Release;
		};
		A1000000000000000000014C /* Debug */ = {
			isa = XCBuildConfiguration;
			buildSettings = {
				DEVELOPMENT_TEAM = 7E3BJ546SA;
				ENABLE_APP_SANDBOX = YES;
				ENABLE_HARDENED_RUNTIME = YES;
				ENABLE_OUTGOING_NETWORK_CONNECTIONS = YES;
				GENERATE_INFOPLIST_FILE = YES;
				INFOPLIST_FILE = "Config/Widget-Info.plist";
				INFOPLIST_KEY_CFBundleDisplayName = SpaceState;
				LD_RUNPATH_SEARCH_PATHS = (
					"$(inherited)",
					"@executable_path/../Frameworks",
					"@executable_path/../../../../Frameworks",
				);
				MACOSX_DEPLOYMENT_TARGET = 26.0;
				PRODUCT_BUNDLE_IDENTIFIER = net.grafixmafia.spacepush.widget;
				PRODUCT_NAME = SpaceStateWidget;
				SDKROOT = macosx;
				SKIP_INSTALL = YES;
				SPACEPUSH_URL = "https://push.grafixmafia.net";
				SUPPORTED_PLATFORMS = macosx;
			};
			name = Debug;
		};
		A1000000000000000000014D /* Release */ = {
			isa = XCBuildConfiguration;
			buildSettings = {
				DEVELOPMENT_TEAM = 7E3BJ546SA;
				ENABLE_APP_SANDBOX = YES;
				ENABLE_HARDENED_RUNTIME = YES;
				ENABLE_OUTGOING_NETWORK_CONNECTIONS = YES;
				GENERATE_INFOPLIST_FILE = YES;
				INFOPLIST_FILE = "Config/Widget-Info.plist";
				INFOPLIST_KEY_CFBundleDisplayName = SpaceState;
				LD_RUNPATH_SEARCH_PATHS = (
					"$(inherited)",
					"@executable_path/../Frameworks",
					"@executable_path/../../../../Frameworks",
				);
				MACOSX_DEPLOYMENT_TARGET = 26.0;
				PRODUCT_BUNDLE_IDENTIFIER = net.grafixmafia.spacepush.widget;
				PRODUCT_NAME = SpaceStateWidget;
				SDKROOT = macosx;
				SKIP_INSTALL = YES;
				SPACEPUSH_URL = "https://push.grafixmafia.net";
				SUPPORTED_PLATFORMS = macosx;
			};
			name = Release;
		};
/* End XCBuildConfiguration section */

/* Begin XCConfigurationList section */
		A10000000000000000000010 /* Build configuration list for PBXProject "SpaceState" */ = {
			isa = XCConfigurationList;
			buildConfigurations = (
				A10000000000000000000011 /* Debug */,
				A10000000000000000000012 /* Release */,
			);
			defaultConfigurationIsVisible = 0;
			defaultConfigurationName = Release;
		};
		A10000000000000000000013 /* Build configuration list for PBXNativeTarget "SpaceState-macOS" */ = {
			isa = XCConfigurationList;
			buildConfigurations = (
				A10000000000000000000014 /* Debug */,
				A10000000000000000000015 /* Release */,
			);
			defaultConfigurationIsVisible = 0;
			defaultConfigurationName = Release;
		};
		A1000000000000000000002C /* Build configuration list for PBXNativeTarget "SpaceState-iOS" */ = {
			isa = XCConfigurationList;
			buildConfigurations = (
				A1000000000000000000002D /* Debug */,
				A1000000000000000000002E /* Release */,
			);
			defaultConfigurationIsVisible = 0;
			defaultConfigurationName = Release;
		};
		A1000000000000000000013B /* Build configuration list for PBXNativeTarget "SpaceStateWidget-iOS" */ = {
			isa = XCConfigurationList;
			buildConfigurations = (
				A1000000000000000000013C /* Debug */,
				A1000000000000000000013D /* Release */,
			);
			defaultConfigurationIsVisible = 0;
			defaultConfigurationName = Release;
		};
		A1000000000000000000014B /* Build configuration list for PBXNativeTarget "SpaceStateWidget-macOS" */ = {
			isa = XCConfigurationList;
			buildConfigurations = (
				A1000000000000000000014C /* Debug */,
				A1000000000000000000014D /* Release */,
			);
			defaultConfigurationIsVisible = 0;
			defaultConfigurationName = Release;
		};
/* End XCConfigurationList section */

/* Begin XCLocalSwiftPackageReference section */
		A1000000000000000000000F /* XCLocalSwiftPackageReference "SpaceStateKit" */ = {
			isa = XCLocalSwiftPackageReference;
			relativePath = SpaceStateKit;
		};
/* End XCLocalSwiftPackageReference section */

/* Begin XCSwiftPackageProductDependency section */
		A1000000000000000000000D /* SpaceAPI */ = {
			isa = XCSwiftPackageProductDependency;
			productName = SpaceAPI;
		};
		A1000000000000000000000E /* MainframeStatus */ = {
			isa = XCSwiftPackageProductDependency;
			productName = MainframeStatus;
		};
		A10000000000000000000017 /* SpacePushClient */ = {
			isa = XCSwiftPackageProductDependency;
			productName = SpacePushClient;
		};
		A10000000000000000000029 /* SpaceAPI */ = {
			isa = XCSwiftPackageProductDependency;
			productName = SpaceAPI;
		};
		A1000000000000000000002A /* MainframeStatus */ = {
			isa = XCSwiftPackageProductDependency;
			productName = MainframeStatus;
		};
		A1000000000000000000002B /* SpacePushClient */ = {
			isa = XCSwiftPackageProductDependency;
			productName = SpacePushClient;
		};
		A10000000000000000000138 /* SpaceAPI */ = {
			isa = XCSwiftPackageProductDependency;
			productName = SpaceAPI;
		};
		A10000000000000000000139 /* MainframeStatus */ = {
			isa = XCSwiftPackageProductDependency;
			productName = MainframeStatus;
		};
		A1000000000000000000013A /* SpacePushClient */ = {
			isa = XCSwiftPackageProductDependency;
			productName = SpacePushClient;
		};
		A10000000000000000000148 /* SpaceAPI */ = {
			isa = XCSwiftPackageProductDependency;
			productName = SpaceAPI;
		};
		A10000000000000000000149 /* MainframeStatus */ = {
			isa = XCSwiftPackageProductDependency;
			productName = MainframeStatus;
		};
		A1000000000000000000014A /* SpacePushClient */ = {
			isa = XCSwiftPackageProductDependency;
			productName = SpacePushClient;
		};
/* End XCSwiftPackageProductDependency section */
	};
	rootObject = A10000000000000000000001 /* Project object */;
}
